
Microsoft Visual Studio Solution File, Format Version 12.00
Project("{FAE04EC0-301F-11D3-BF4B-00C04F79EFBC}") = "AdPlatformsTestWork", "AdPlatformsTestWork\AdPlatformsTestWork.csproj", "{5A91DEAA-B5F9-4F9A-9C03-F755347CE199}"
EndProject
Project("{FAE04EC0-301F-11D3-BF4B-00C04F79EFBC}") = "Tests", "Tests\Tests.csproj", "{B0DF9A5D-80F6-4821-9545-D3E6CE1ECB82}"
EndProject
Global
	GlobalSection(SolutionConfigurationPlatforms) = preSolution
		Debug|Any CPU = Debug|Any CPU
		Release|Any CPU = Release|Any CPU
	EndGlobalSection
	GlobalSection(ProjectConfigurationPlatforms) = postSolution
		{5A91DEAA-B5F9-4F9A-9C03-F755347CE199}.Debug|Any CPU.ActiveCfg = Debug|Any CPU
		{5A91DEAA-B5F9-4F9A-9C03-F755347CE199}.Debug|Any CPU.Build.0 = Debug|Any CPU
		{5A91DEAA-B5F9-4F9A-9C03-F755347CE199}.Release|Any CPU.ActiveCfg = Release|Any CPU
		{5A91DEAA-B5F9-4F9A-9C03-F755347CE199}.Release|Any CPU.Build.0 = Release|Any CPU
		{B0DF9A5D-80F6-4821-9545-D3E6CE1ECB82}.Debug|Any CPU.ActiveCfg = Debug|Any CPU
		{B0DF9A5D-80F6-4821-9545-D3E6CE1ECB82}.Debug|Any CPU.Build.0 = Debug|Any CPU
		{B0DF9A5D-80F6-4821-9545-D3E6CE1ECB82}.Release|Any CPU.ActiveCfg = Release|Any CPU
		{B0DF9A5D-80F6-4821-9545-D3E6CE1ECB82}.Release|Any CPU.Build.0 = Release|Any CPU
	EndGlobalSection
EndGlobal
